<?xml version="1.0" encoding="utf-8"?>
<Project ToolsVersion="4.0" xmlns="http://schemas.microsoft.com/developer/msbuild/2003">
  <ItemGroup>
    <Filter Include="Source Files">
      <UniqueIdentifier>{4FC737F1-C7A5-4376-A066-2A32D752A2FF}</UniqueIdentifier>
      <Extensions>cpp;c;cc;cxx;c++;cppm;ixx;def;odl;idl;hpj;bat;asm;asmx</Extensions>
    </Filter>
    <Filter Include="Header Files">
      <UniqueIdentifier>{93995380-89BD-4b04-88EB-625FBE52EBFB}</UniqueIdentifier>
      <Extensions>h;hh;hpp;hxx;h++;hm;inl;inc;ipp;xsd</Extensions>
    </Filter>
    <Filter Include="Resource Files">
      <UniqueIdentifier>{67DA6AB6-F800-4c08-8B7A-83BB121AAD01}</UniqueIdentifier>
      <Extensions>rc;ico;cur;bmp;dlg;rc2;rct;bin;rgs;gif;jpg;jpeg;jpe;resx;tiff;tif;png;wav;mfcribbon-ms</Extensions>
    </Filter>
    <Filter Include="Macro">
      <UniqueIdentifier>{d25709cd-d37e-43a2-b281-95d886512d10}</UniqueIdentifier>
    </Filter>
    <Filter Include="CoreMinimal">
      <UniqueIdentifier>{97850696-4b85-477d-b313-ef0c742a39cd}</UniqueIdentifier>
    </Filter>
    <Filter Include="Main">
      <UniqueIdentifier>{665f6e7c-538b-4110-82d8-32b51e358ed1}</UniqueIdentifier>
    </Filter>
    <Filter Include="Main\Menus">
      <UniqueIdentifier>{1b43bcd9-9250-4b2c-9f4b-bbb2aa84f9a2}</UniqueIdentifier>
    </Filter>
    <Filter Include="Main\Menus\MainMenu">
      <UniqueIdentifier>{cd45e1ad-12a0-40a9-afd1-b4005ccbebc5}</UniqueIdentifier>
    </Filter>
    <Filter Include="Main\Menus\StartMenu">
      <UniqueIdentifier>{4cf1954e-7dc2-4291-a466-24f3047371da}</UniqueIdentifier>
    </Filter>
    <Filter Include="Main\Menus\Upgrade">
      <UniqueIdentifier>{b53a65d3-49e5-44b3-bf11-5f199db40745}</UniqueIdentifier>
    </Filter>
  </ItemGroup>
  <ItemGroup>
    <ClInclude Include="Macro.h">
      <Filter>Macro</Filter>
    </ClInclude>
    <ClInclude Include="CoreMinimal.h">
      <Filter>CoreMinimal</Filter>
    </ClInclude>
    <ClInclude Include="Menu.h">
      <Filter>Header Files</Filter>
    </ClInclude>
    <ClInclude Include="Game.h">
      <Filter>Header Files</Filter>
    </ClInclude>
  </ItemGroup>
  <ItemGroup>
    <ClCompile Include="Main.cpp">
      <Filter>Main</Filter>
    </ClCompile>
    <ClCompile Include="Menu.cpp">
      <Filter>Source Files</Filter>
    </ClCompile>
    <ClCompile Include="Game.cpp">
      <Filter>Source Files</Filter>
    </ClCompile>
    <ClCompile Include="Singleton.h" />
  </ItemGroup>
</Project>