<?xml version="1.0" encoding="utf-8"?>
<Project ToolsVersion="4.0" xmlns="http://schemas.microsoft.com/developer/msbuild/2003">
  <ItemGroup>
    <Filter Include="Source Files">
      <UniqueIdentifier>{4FC737F1-C7A5-4376-A066-2A32D752A2FF}</UniqueIdentifier>
      <Extensions>cpp;c;cc;cxx;c++;cppm;ixx;def;odl;idl;hpj;bat;asm;asmx</Extensions>
    </Filter>
    <Filter Include="Header Files">
      <UniqueIdentifier>{93995380-89BD-4b04-88EB-625FBE52EBFB}</UniqueIdentifier>
      <Extensions>h;hh;hpp;hxx;h++;hm;inl;inc;ipp;xsd</Extensions>
    </Filter>
    <Filter Include="Script">
      <UniqueIdentifier>{d1a6496a-1587-49f8-93bf-e0848bef52d7}</UniqueIdentifier>
    </Filter>
    <Filter Include="Script\Main">
      <UniqueIdentifier>{665f6e7c-538b-4110-82d8-32b51e358ed1}</UniqueIdentifier>
    </Filter>
    <Filter Include="Script\Resource Files">
      <UniqueIdentifier>{67DA6AB6-F800-4c08-8B7A-83BB121AAD01}</UniqueIdentifier>
      <Extensions>rc;ico;cur;bmp;dlg;rc2;rct;bin;rgs;gif;jpg;jpeg;jpe;resx;tiff;tif;png;wav;mfcribbon-ms</Extensions>
    </Filter>
    <Filter Include="Script\Menus">
      <UniqueIdentifier>{1b43bcd9-9250-4b2c-9f4b-bbb2aa84f9a2}</UniqueIdentifier>
    </Filter>
    <Filter Include="Script\Game">
      <UniqueIdentifier>{6ffc15a9-349c-4401-8cea-a25b0015ee19}</UniqueIdentifier>
    </Filter>
    <Filter Include="Script\Core">
      <UniqueIdentifier>{7defba6c-90b5-4e2f-b53a-603b8d251694}</UniqueIdentifier>
    </Filter>
    <Filter Include="Script\Core\Actor">
      <UniqueIdentifier>{dd31b5af-c6cc-472b-bacc-52293ea7f4b4}</UniqueIdentifier>
    </Filter>
    <Filter Include="Script\Manager">
      <UniqueIdentifier>{4290e8a1-2af3-4aab-894c-1c1fc56b7fc3}</UniqueIdentifier>
    </Filter>
    <Filter Include="Script\Core\Actor\Circle">
      <UniqueIdentifier>{d3e1b6f3-1fc0-4db4-93f6-46d875c7ab65}</UniqueIdentifier>
    </Filter>
    <Filter Include="Script\Core\Actor\Rectangle">
      <UniqueIdentifier>{34c9cfbf-0f7b-4775-8741-35a6cfa3e0af}</UniqueIdentifier>
    </Filter>
    <Filter Include="Script\Core\Actor\Triangle">
      <UniqueIdentifier>{7b20feb9-2808-4c13-98af-b2cd6fee15db}</UniqueIdentifier>
    </Filter>
    <Filter Include="Script\Core\Actor\Mesh">
      <UniqueIdentifier>{fbd1828f-7db5-49ff-bb96-18a210e901c2}</UniqueIdentifier>
    </Filter>
    <Filter Include="Script\Object">
      <UniqueIdentifier>{1282caea-4804-4591-879b-5204e2cb8c45}</UniqueIdentifier>
    </Filter>
    <Filter Include="Script\Object\Shape">
      <UniqueIdentifier>{cdec01df-534a-4d53-a34c-e1405dd3dde9}</UniqueIdentifier>
    </Filter>
    <Filter Include="Script\Object\Text">
      <UniqueIdentifier>{0f674ea9-e7dc-4505-b172-aeb4535c9612}</UniqueIdentifier>
    </Filter>
    <Filter Include="Script\Resource Files\Color">
      <UniqueIdentifier>{cb94d6bc-1cd5-4abe-b43f-373f61a6a466}</UniqueIdentifier>
    </Filter>
    <Filter Include="Script\Resource Files\CustomException">
      <UniqueIdentifier>{71b4c867-7278-4bdf-beb6-6bbda14b3e8a}</UniqueIdentifier>
    </Filter>
    <Filter Include="Script\Resource Files\Logger">
      <UniqueIdentifier>{49746ead-1572-4cd7-b686-852b82baec3d}</UniqueIdentifier>
    </Filter>
    <Filter Include="Script\Resource Files\Utilities">
      <UniqueIdentifier>{6fc3e819-7902-4779-9eb2-7dfbe8407dc8}</UniqueIdentifier>
    </Filter>
    <Filter Include="Script\Manager\Actor">
      <UniqueIdentifier>{ca069489-eed3-41e6-a7e3-2639e13968ad}</UniqueIdentifier>
    </Filter>
    <Filter Include="Script\Manager\Music">
      <UniqueIdentifier>{d72dd853-b57c-411f-890d-89b37e98c166}</UniqueIdentifier>
    </Filter>
    <Filter Include="Script\Manager\Sound">
      <UniqueIdentifier>{91168c47-598a-40bc-bf3a-9dcfb9618cda}</UniqueIdentifier>
    </Filter>
    <Filter Include="Script\Manager\Texture">
      <UniqueIdentifier>{26556294-3341-4aaa-b6cb-3df0d603c215}</UniqueIdentifier>
    </Filter>
    <Filter Include="Script\Manager\Timer">
      <UniqueIdentifier>{094c05c5-8387-4ced-8e16-e382291f3ce8}</UniqueIdentifier>
    </Filter>
    <Filter Include="Script\Manager\Menu">
      <UniqueIdentifier>{48178117-4ef0-438b-8d2b-3acd00858d2c}</UniqueIdentifier>
    </Filter>
    <Filter Include="Script\Animation">
      <UniqueIdentifier>{6ef10bbf-8443-4440-8f38-c1e0235bbcf6}</UniqueIdentifier>
    </Filter>
    <Filter Include="Script\Audio">
      <UniqueIdentifier>{3c5ed85b-b9b7-4de9-971c-ff9259b5b730}</UniqueIdentifier>
    </Filter>
    <Filter Include="Script\Core\Actor\Camera">
      <UniqueIdentifier>{b8982561-4ba5-4878-a04a-7ace08f39dcf}</UniqueIdentifier>
    </Filter>
    <Filter Include="Script\Core\Actor\Square">
      <UniqueIdentifier>{8c857b95-98ff-4abf-8135-16d31aa6ad2c}</UniqueIdentifier>
    </Filter>
    <Filter Include="Script\Manager\Audio">
      <UniqueIdentifier>{6178abe1-6b81-4b13-b142-122f8a3f4854}</UniqueIdentifier>
    </Filter>
    <Filter Include="Script\Manager\Camera">
      <UniqueIdentifier>{b1bcdda7-722f-47f9-a09b-c047440e41a2}</UniqueIdentifier>
    </Filter>
    <Filter Include="Script\Manager\Game">
      <UniqueIdentifier>{b5c9dc5d-d958-4582-a6a9-25bfa678fd77}</UniqueIdentifier>
    </Filter>
    <Filter Include="Script\Manager\Font">
      <UniqueIdentifier>{e8d5ab2b-17ab-4998-9744-35e28e1aa780}</UniqueIdentifier>
    </Filter>
    <Filter Include="Script\Core\Actor\Label">
      <UniqueIdentifier>{c9825337-b29c-47a7-aec4-ccc05e905467}</UniqueIdentifier>
    </Filter>
    <Filter Include="Script\Level">
      <UniqueIdentifier>{a5b0ded4-8981-4d0e-a0d6-a583b1a11a2c}</UniqueIdentifier>
    </Filter>
    <Filter Include="Script\Core\Components">
      <UniqueIdentifier>{5c1726e6-6a16-4c23-9a4e-716b2423cd6f}</UniqueIdentifier>
    </Filter>
    <Filter Include="Script\Core\Components\Collision">
      <UniqueIdentifier>{06ef2fa0-7dfe-4933-934e-0e1700ec56d2}</UniqueIdentifier>
    </Filter>
    <Filter Include="Script\Core\Components\Mesh">
      <UniqueIdentifier>{fde68991-f458-43ae-ba08-e50176f5cd04}</UniqueIdentifier>
    </Filter>
    <Filter Include="Script\Core\Actor\Spawner">
      <UniqueIdentifier>{a45462c0-efd1-41ad-b769-450c487ecc77}</UniqueIdentifier>
    </Filter>
    <Filter Include="Script\Manager\Input">
      <UniqueIdentifier>{2d2898bc-fcb5-43f3-9376-0ea4046411e5}</UniqueIdentifier>
    </Filter>
    <Filter Include="Script\AsteroidGame">
      <UniqueIdentifier>{3a32897c-52d5-4687-9b2c-ad47a41e1df6}</UniqueIdentifier>
    </Filter>
    <Filter Include="Script\Audio\Sound">
      <UniqueIdentifier>{903b55d1-ef67-461f-a7a3-49ca7f0033c9}</UniqueIdentifier>
    </Filter>
    <Filter Include="Script\Audio\Music">
      <UniqueIdentifier>{5889c1f7-3cb0-42a0-b119-17cb5592afd1}</UniqueIdentifier>
    </Filter>
    <Filter Include="Script\Resource Files\SubclassOf">
      <UniqueIdentifier>{81398409-b3f0-482a-bcd2-93ebe72e14c2}</UniqueIdentifier>
    </Filter>
    <Filter Include="Script\Core\Components\Animation">
      <UniqueIdentifier>{5dfd0db6-a9d3-404b-9f41-aeb15bb1cd9e}</UniqueIdentifier>
    </Filter>
    <Filter Include="Script\Core\Components\Camera">
      <UniqueIdentifier>{168d15e1-0226-4163-be15-075ecdea5f87}</UniqueIdentifier>
    </Filter>
    <Filter Include="Script\Core\Components\Movement">
      <UniqueIdentifier>{a23958b9-4cac-45a8-9597-c67fedaf7e15}</UniqueIdentifier>
    </Filter>
    <Filter Include="Script\Core\Components\View">
      <UniqueIdentifier>{7bb490d1-ca24-4981-8d4a-b0e5b3d1ba09}</UniqueIdentifier>
    </Filter>
    <Filter Include="Script\Core\Components\Root">
      <UniqueIdentifier>{0dba8a8a-93e5-4915-933a-69034921e80f}</UniqueIdentifier>
    </Filter>
    <Filter Include="Script\Core\Components\Shoot">
      <UniqueIdentifier>{3d8aae30-02ca-458c-b77b-92fde4e3def4}</UniqueIdentifier>
    </Filter>
    <Filter Include="Script\Core\Actor\Player">
      <UniqueIdentifier>{da40dfb7-bbad-4618-b1a4-4d909f7f9644}</UniqueIdentifier>
    </Filter>
    <Filter Include="Script\Core\Actor\Projectile">
      <UniqueIdentifier>{57e1dab3-8231-4634-b36d-331c30562f28}</UniqueIdentifier>
    </Filter>
    <Filter Include="Script\Core\Actor\UFO">
      <UniqueIdentifier>{9f889804-435a-4869-8bb4-57ae995b924f}</UniqueIdentifier>
    </Filter>
    <Filter Include="Script\Core\Actor\Asteroid">
      <UniqueIdentifier>{273f6ec6-872f-4749-8ea4-efca5559b828}</UniqueIdentifier>
    </Filter>
    <Filter Include="Script\Core\Actor\Widget">
      <UniqueIdentifier>{9474a54d-79c3-42f9-b381-6262b27ed413}</UniqueIdentifier>
    </Filter>
    <Filter Include="Script\Core\Actor\Widget\Canvas">
      <UniqueIdentifier>{f9b52915-40a7-49c1-a747-634774efc6f9}</UniqueIdentifier>
    </Filter>
    <Filter Include="Script\Core\Actor\Widget\Image">
      <UniqueIdentifier>{33252e5a-63d1-4476-9a9d-5418977497ac}</UniqueIdentifier>
    </Filter>
    <Filter Include="Script\Manager\HUD">
      <UniqueIdentifier>{92efc720-8d26-4088-8d54-74487cb6213f}</UniqueIdentifier>
    </Filter>
    <Filter Include="Script\MenuGame">
      <UniqueIdentifier>{42de4b01-f768-42a9-8acd-9da2d6542fe6}</UniqueIdentifier>
    </Filter>
  </ItemGroup>
  <ItemGroup>
    <ClInclude Include="CoreMinimal.h">
      <Filter>Script\Resource Files</Filter>
    </ClInclude>
    <ClInclude Include="Macro.h">
      <Filter>Script\Resource Files</Filter>
    </ClInclude>
    <ClInclude Include="Game.h">
      <Filter>Script\Game</Filter>
    </ClInclude>
    <ClInclude Include="Menu.h">
      <Filter>Script\Menus</Filter>
    </ClInclude>
    <ClInclude Include="Actor.h">
      <Filter>Script\Core\Actor</Filter>
    </ClInclude>
    <ClInclude Include="CircleActor.h">
      <Filter>Script\Core\Actor\Circle</Filter>
    </ClInclude>
    <ClInclude Include="MeshActor.h">
      <Filter>Script\Core\Actor\Mesh</Filter>
    </ClInclude>
    <ClInclude Include="SoundSample.h">
      <Filter>Script\Audio\Sound</Filter>
    </ClInclude>
    <ClInclude Include="RectangleActor.h">
      <Filter>Script\Core\Actor\Rectangle</Filter>
    </ClInclude>
    <ClInclude Include="Component.h">
      <Filter>Script\Core\Components</Filter>
    </ClInclude>
    <ClInclude Include="Core.h">
      <Filter>Script\Core</Filter>
    </ClInclude>
    <ClInclude Include="Object.h">
      <Filter>Script\Object</Filter>
    </ClInclude>
    <ClInclude Include="TriangleActor.h">
      <Filter>Script\Core\Actor\Triangle</Filter>
    </ClInclude>
    <ClInclude Include="MeshComponent.h">
      <Filter>Script\Core\Components\Mesh</Filter>
    </ClInclude>
    <ClInclude Include="CollisionComponent.h">
      <Filter>Script\Core\Components\Collision</Filter>
    </ClInclude>
    <ClInclude Include="TextObject.h">
      <Filter>Script\Object\Text</Filter>
    </ClInclude>
    <ClInclude Include="ShapeObject.h">
      <Filter>Script\Object\Shape</Filter>
    </ClInclude>
    <ClInclude Include="CustomException.h">
      <Filter>Script\Resource Files\CustomException</Filter>
    </ClInclude>
    <ClInclude Include="Color.h">
      <Filter>Script\Resource Files\Color</Filter>
    </ClInclude>
    <ClInclude Include="Logger.h">
      <Filter>Script\Resource Files\Logger</Filter>
    </ClInclude>
    <ClInclude Include="Utilities.h">
      <Filter>Script\Resource Files\Utilities</Filter>
    </ClInclude>
    <ClInclude Include="ActorManager.h">
      <Filter>Script\Manager\Actor</Filter>
    </ClInclude>
    <ClInclude Include="MusicManager.h">
      <Filter>Script\Manager\Music</Filter>
    </ClInclude>
    <ClInclude Include="SoundManager.h">
      <Filter>Script\Manager\Sound</Filter>
    </ClInclude>
    <ClInclude Include="TextureManager.h">
      <Filter>Script\Manager\Texture</Filter>
    </ClInclude>
    <ClInclude Include="TimerManager.h">
      <Filter>Script\Manager\Timer</Filter>
    </ClInclude>
    <ClInclude Include="MenuManager.h">
      <Filter>Script\Manager\Menu</Filter>
    </ClInclude>
    <ClInclude Include="Sample.h">
      <Filter>Script\Audio</Filter>
    </ClInclude>
    <ClInclude Include="TransformData.h">
      <Filter>Script\Core</Filter>
    </ClInclude>
    <ClInclude Include="ITransformableViewer.h">
      <Filter>Script\Core</Filter>
    </ClInclude>
    <ClInclude Include="ITransformableModifier.h">
      <Filter>Script\Core</Filter>
    </ClInclude>
    <ClInclude Include="Animation.h">
      <Filter>Script\Animation</Filter>
    </ClInclude>
    <ClInclude Include="CameraActor.h">
      <Filter>Script\Core\Actor\Camera</Filter>
    </ClInclude>
    <ClInclude Include="SquareActor.h">
      <Filter>Script\Core\Actor\Square</Filter>
    </ClInclude>
    <ClInclude Include="GameManager.h">
      <Filter>Script\Manager\Game</Filter>
    </ClInclude>
    <ClInclude Include="FontManager.h">
      <Filter>Script\Manager\Font</Filter>
    </ClInclude>
    <ClInclude Include="AudioManager.h">
      <Filter>Script\Manager\Audio</Filter>
    </ClInclude>
    <ClInclude Include="Label.h">
      <Filter>Script\Core\Actor\Label</Filter>
    </ClInclude>
    <ClInclude Include="Spawner.h">
      <Filter>Script\Core\Actor\Spawner</Filter>
    </ClInclude>
    <ClInclude Include="Level.h">
      <Filter>Script\Level</Filter>
    </ClInclude>
    <ClInclude Include="InputManager.h">
      <Filter>Script\Manager\Input</Filter>
    </ClInclude>
    <ClInclude Include="AsteroidGame.h">
      <Filter>Script\AsteroidGame</Filter>
    </ClInclude>
    <ClInclude Include="MusicSample.h">
      <Filter>Script\Audio\Music</Filter>
    </ClInclude>
    <ClInclude Include="SubclassOf.h">
      <Filter>Script\Resource Files\SubclassOf</Filter>
    </ClInclude>
    <ClInclude Include="CameraManager.h">
      <Filter>Script\Manager\Camera</Filter>
    </ClInclude>
    <ClInclude Include="AnimationComponent.h">
      <Filter>Script\Core\Components\Animation</Filter>
    </ClInclude>
    <ClInclude Include="CameraComponent.h">
      <Filter>Script\Core\Components\Camera</Filter>
    </ClInclude>
    <ClInclude Include="PlayerMovementComponent.h">
      <Filter>Script\Core\Components\Movement</Filter>
    </ClInclude>
    <ClInclude Include="RootComponent.h">
      <Filter>Script\Core\Components\Root</Filter>
    </ClInclude>
    <ClInclude Include="ViewComponent.h">
      <Filter>Script\Core\Components\View</Filter>
    </ClInclude>
    <ClInclude Include="EnemyMovementComponent.h">
      <Filter>Script\Core\Components\Movement</Filter>
    </ClInclude>
    <ClInclude Include="ShootComponent.h">
      <Filter>Script\Core\Components\Shoot</Filter>
    </ClInclude>
    <ClInclude Include="UFO.h">
      <Filter>Script\Core\Actor\UFO</Filter>
    </ClInclude>
    <ClInclude Include="Asteroid.h">
      <Filter>Script\Core\Actor\Asteroid</Filter>
    </ClInclude>
    <ClInclude Include="Player.h">
      <Filter>Script\Core\Actor\Player</Filter>
    </ClInclude>
    <ClInclude Include="Projectile.h">
      <Filter>Script\Core\Actor\Projectile</Filter>
    </ClInclude>
    <ClInclude Include="SizeType.h">
      <Filter>Script\Resource Files</Filter>
    </ClInclude>
    <ClInclude Include="Widget.h">
      <Filter>Script\Core\Actor\Widget</Filter>
    </ClInclude>
    <ClInclude Include="Canvas.h">
      <Filter>Script\Core\Actor\Widget\Canvas</Filter>
    </ClInclude>
    <ClInclude Include="Image.h">
      <Filter>Script\Core\Actor\Widget\Image</Filter>
    </ClInclude>
    <ClInclude Include="HUD.h">
      <Filter>Script\Manager\HUD</Filter>
    </ClInclude>
    <ClInclude Include="RenderType.h">
      <Filter>Script\Resource Files</Filter>
    </ClInclude>
    <ClInclude Include="MenuGame.h">
      <Filter>Header Files</Filter>
    </ClInclude>
    <ClInclude Include="Button.h">
      <Filter>Script</Filter>
    </ClInclude>
  </ItemGroup>
  <ItemGroup>
    <ClCompile Include="Main.cpp">
      <Filter>Script\Main</Filter>
    </ClCompile>
    <ClCompile Include="Menu.cpp">
      <Filter>Script\Menus</Filter>
    </ClCompile>
    <ClCompile Include="Game.cpp">
      <Filter>Script\Game</Filter>
    </ClCompile>
    <ClCompile Include="Singleton.h">
      <Filter>Script\Resource Files</Filter>
    </ClCompile>
    <ClCompile Include="CircleActor.cpp">
      <Filter>Script\Core\Actor\Circle</Filter>
    </ClCompile>
    <ClCompile Include="MeshActor.cpp">
      <Filter>Script\Core\Actor\Mesh</Filter>
    </ClCompile>
    <ClCompile Include="SoundSample.cpp">
      <Filter>Script\Audio\Sound</Filter>
    </ClCompile>
    <ClCompile Include="RectangleActor.cpp">
      <Filter>Script\Core\Actor\Rectangle</Filter>
    </ClCompile>
    <ClCompile Include="Component.cpp">
      <Filter>Script\Core\Components</Filter>
    </ClCompile>
    <ClCompile Include="Core.cpp">
      <Filter>Script\Core</Filter>
    </ClCompile>
    <ClCompile Include="Actor.cpp">
      <Filter>Script\Core\Actor</Filter>
    </ClCompile>
    <ClCompile Include="Object.cpp">
      <Filter>Script\Object</Filter>
    </ClCompile>
    <ClCompile Include="TriangleActor.cpp">
      <Filter>Script\Core\Actor\Triangle</Filter>
    </ClCompile>
    <ClCompile Include="MeshComponent.cpp">
      <Filter>Script\Core\Components\Mesh</Filter>
    </ClCompile>
    <ClCompile Include="CollisionComponent.cpp">
      <Filter>Script\Core\Components\Collision</Filter>
    </ClCompile>
    <ClCompile Include="TextObject.cpp">
      <Filter>Script\Object\Text</Filter>
    </ClCompile>
    <ClCompile Include="ShapeObject.cpp">
      <Filter>Script\Object\Shape</Filter>
    </ClCompile>
    <ClCompile Include="CustomException.cpp">
      <Filter>Script\Resource Files\CustomException</Filter>
    </ClCompile>
    <ClCompile Include="Color.cpp">
      <Filter>Script\Resource Files\Color</Filter>
    </ClCompile>
    <ClCompile Include="Logger.cpp">
      <Filter>Script\Resource Files\Logger</Filter>
    </ClCompile>
    <ClCompile Include="Utilities.cpp">
      <Filter>Script\Resource Files\Utilities</Filter>
    </ClCompile>
    <ClCompile Include="ActorManager.cpp">
      <Filter>Script\Manager\Actor</Filter>
    </ClCompile>
    <ClCompile Include="MusicManager.cpp">
      <Filter>Script\Manager\Music</Filter>
    </ClCompile>
    <ClCompile Include="SoundManager.cpp">
      <Filter>Script\Manager\Sound</Filter>
    </ClCompile>
    <ClCompile Include="TextureManager.cpp">
      <Filter>Script\Manager\Texture</Filter>
    </ClCompile>
    <ClCompile Include="TimerManager.cpp">
      <Filter>Script\Manager\Timer</Filter>
    </ClCompile>
    <ClCompile Include="MenuManager.cpp">
      <Filter>Script\Manager\Menu</Filter>
    </ClCompile>
    <ClCompile Include="Animation.cpp">
      <Filter>Script\Animation</Filter>
    </ClCompile>
    <ClCompile Include="CameraManager.cpp">
      <Filter>Script\Manager\Camera</Filter>
    </ClCompile>
    <ClCompile Include="AudioManager.cpp">
      <Filter>Script\Manager\Audio</Filter>
    </ClCompile>
    <ClCompile Include="FontManager.cpp">
      <Filter>Script\Manager\Font</Filter>
    </ClCompile>
    <ClCompile Include="GameManager.cpp">
      <Filter>Script\Manager\Game</Filter>
    </ClCompile>
    <ClCompile Include="CameraActor.cpp">
      <Filter>Script\Core\Actor\Camera</Filter>
    </ClCompile>
    <ClCompile Include="Label.cpp">
      <Filter>Script\Core\Actor\Label</Filter>
    </ClCompile>
    <ClCompile Include="Level.cpp">
      <Filter>Script\Level</Filter>
    </ClCompile>
    <ClCompile Include="Sample.cpp">
      <Filter>Script\Audio</Filter>
    </ClCompile>
    <ClCompile Include="Spawner.cpp">
      <Filter>Script\Core\Actor\Spawner</Filter>
    </ClCompile>
    <ClCompile Include="SquareActor.cpp">
      <Filter>Script\Core\Actor\Square</Filter>
    </ClCompile>
    <ClCompile Include="InputManager.cpp">
      <Filter>Script\Manager\Input</Filter>
    </ClCompile>
    <ClCompile Include="AsteroidGame.cpp">
      <Filter>Script\AsteroidGame</Filter>
    </ClCompile>
    <ClCompile Include="MusicSample.cpp">
      <Filter>Script\Audio\Music</Filter>
    </ClCompile>
    <ClCompile Include="SubclassOf.cpp">
      <Filter>Script\Resource Files\SubclassOf</Filter>
    </ClCompile>
    <ClCompile Include="AnimationComponent.cpp">
      <Filter>Script\Core\Components\Animation</Filter>
    </ClCompile>
    <ClCompile Include="CameraComponent.cpp">
      <Filter>Script\Core\Components\Camera</Filter>
    </ClCompile>
    <ClCompile Include="PlayerMovementComponent.cpp">
      <Filter>Script\Core\Components\Movement</Filter>
    </ClCompile>
    <ClCompile Include="RootComponent.cpp">
      <Filter>Script\Core\Components\Root</Filter>
    </ClCompile>
    <ClCompile Include="ViewComponent.cpp">
      <Filter>Script\Core\Components\View</Filter>
    </ClCompile>
    <ClCompile Include="EnemyMovementComponent.cpp">
      <Filter>Script\Core\Components\Movement</Filter>
    </ClCompile>
    <ClCompile Include="UFO.cpp">
      <Filter>Script\Core\Actor\UFO</Filter>
    </ClCompile>
    <ClCompile Include="Asteroid.cpp">
      <Filter>Script\Core\Actor\Asteroid</Filter>
    </ClCompile>
    <ClCompile Include="Player.cpp">
      <Filter>Script\Core\Actor\Player</Filter>
    </ClCompile>
    <ClCompile Include="Projectile.cpp">
      <Filter>Script\Core\Actor\Player</Filter>
    </ClCompile>
    <ClCompile Include="ShootComponent.cpp">
      <Filter>Script\Core\Components\Shoot</Filter>
    </ClCompile>
    <ClCompile Include="Widget.cpp">
      <Filter>Script\Core\Actor\Widget</Filter>
    </ClCompile>
    <ClCompile Include="Canvas.cpp">
      <Filter>Script\Core\Actor\Widget\Canvas</Filter>
    </ClCompile>
    <ClCompile Include="Image.cpp">
      <Filter>Script\Core\Actor\Widget\Image</Filter>
    </ClCompile>
    <ClCompile Include="HUD.cpp">
      <Filter>Script\Manager\HUD</Filter>
    </ClCompile>
    <ClCompile Include="MenuGame.cpp">
      <Filter>Source Files</Filter>
    </ClCompile>
    <ClCompile Include="Button.cpp">
      <Filter>Script</Filter>
    </ClCompile>
  </ItemGroup>
  <ItemGroup>
    <Text Include="TODOList.txt" />
  </ItemGroup>
</Project>